
Microsoft Visual Studio Solution File, Format Version 12.00
# Visual Studio Version 17
VisualStudioVersion = 17.9.34723.18
MinimumVisualStudioVersion = 10.0.40219.1
Project("{FAE04EC0-301F-11D3-BF4B-00C04F79EFBC}") = "Task1", "Lab4_22521691_22521387_22521680\Task1.csproj", "{F248A058-3F9F-49A6-8990-B80F02F07593}"
EndProject
Project("{FAE04EC0-301F-11D3-BF4B-00C04F79EFBC}") = "Task2", "Task2\Task2.csproj", "{F297AE84-AF50-4CE9-8F43-34C4861C6770}"
EndProject
Project("{FAE04EC0-301F-11D3-BF4B-00C04F79EFBC}") = "Task3", "Task3\Task3.csproj", "{4E1C8CF7-B2C9-45DD-A438-6F469387C6BF}"
EndProject
Project("{FAE04EC0-301F-11D3-BF4B-00C04F79EFBC}") = "Task4", "Task4\Task4.csproj", "{04EC8209-7FF3-4646-9E6A-E095B714CE2B}"
EndProject
Project("{FAE04EC0-301F-11D3-BF4B-00C04F79EFBC}") = "Task5", "Task5\Task5.csproj", "{9B0422EC-9365-4351-8E26-106EE383B8F1}"
EndProject
Project("{FAE04EC0-301F-11D3-BF4B-00C04F79EFBC}") = "Task6", "Task6\Task6.csproj", "{D06CFE9D-4981-408B-87BD-1783EBC26A53}"
EndProject
Project("{FAE04EC0-301F-11D3-BF4B-00C04F79EFBC}") = "Task7", "Task7\Task7.csproj", "{469C8249-4E8C-4921-8546-6977F121A2B4}"
EndProject
Global
	GlobalSection(SolutionConfigurationPlatforms) = preSolution
		Debug|Any CPU = Debug|Any CPU
		Release|Any CPU = Release|Any CPU
	EndGlobalSection
	GlobalSection(ProjectConfigurationPlatforms) = postSolution
		{F248A058-3F9F-49A6-8990-B80F02F07593}.Debug|Any CPU.ActiveCfg = Debug|Any CPU
		{F248A058-3F9F-49A6-8990-B80F02F07593}.Debug|Any CPU.Build.0 = Debug|Any CPU
		{F248A058-3F9F-49A6-8990-B80F02F07593}.Release|Any CPU.ActiveCfg = Release|Any CPU
		{F248A058-3F9F-49A6-8990-B80F02F07593}.Release|Any CPU.Build.0 = Release|Any CPU
		{F297AE84-AF50-4CE9-8F43-34C4861C6770}.Debug|Any CPU.ActiveCfg = Debug|Any CPU
		{F297AE84-AF50-4CE9-8F43-34C4861C6770}.Debug|Any CPU.Build.0 = Debug|Any CPU
		{F297AE84-AF50-4CE9-8F43-34C4861C6770}.Release|Any CPU.ActiveCfg = Release|Any CPU
		{F297AE84-AF50-4CE9-8F43-34C4861C6770}.Release|Any CPU.Build.0 = Release|Any CPU
		{4E1C8CF7-B2C9-45DD-A438-6F469387C6BF}.Debug|Any CPU.ActiveCfg = Debug|Any CPU
		{4E1C8CF7-B2C9-45DD-A438-6F469387C6BF}.Debug|Any CPU.Build.0 = Debug|Any CPU
		{4E1C8CF7-B2C9-45DD-A438-6F469387C6BF}.Release|Any CPU.ActiveCfg = Release|Any CPU
		{4E1C8CF7-B2C9-45DD-A438-6F469387C6BF}.Release|Any CPU.Build.0 = Release|Any CPU
		{04EC8209-7FF3-4646-9E6A-E095B714CE2B}.Debug|Any CPU.ActiveCfg = Debug|Any CPU
		{04EC8209-7FF3-4646-9E6A-E095B714CE2B}.Debug|Any CPU.Build.0 = Debug|Any CPU
		{04EC8209-7FF3-4646-9E6A-E095B714CE2B}.Release|Any CPU.ActiveCfg = Release|Any CPU
		{04EC8209-7FF3-4646-9E6A-E095B714CE2B}.Release|Any CPU.Build.0 = Release|Any CPU
		{9B0422EC-9365-4351-8E26-106EE383B8F1}.Debug|Any CPU.ActiveCfg = Debug|Any CPU
		{9B0422EC-9365-4351-8E26-106EE383B8F1}.Debug|Any CPU.Build.0 = Debug|Any CPU
		{9B0422EC-9365-4351-8E26-106EE383B8F1}.Release|Any CPU.ActiveCfg = Release|Any CPU
		{9B0422EC-9365-4351-8E26-106EE383B8F1}.Release|Any CPU.Build.0 = Release|Any CPU
		{D06CFE9D-4981-408B-87BD-1783EBC26A53}.Debug|Any CPU.ActiveCfg = Debug|Any CPU
		{D06CFE9D-4981-408B-87BD-1783EBC26A53}.Debug|Any CPU.Build.0 = Debug|Any CPU
		{D06CFE9D-4981-408B-87BD-1783EBC26A53}.Release|Any CPU.ActiveCfg = Release|Any CPU
		{D06CFE9D-4981-408B-87BD-1783EBC26A53}.Release|Any CPU.Build.0 = Release|Any CPU
		{469C8249-4E8C-4921-8546-6977F121A2B4}.Debug|Any CPU.ActiveCfg = Debug|Any CPU
		{469C8249-4E8C-4921-8546-6977F121A2B4}.Debug|Any CPU.Build.0 = Debug|Any CPU
		{469C8249-4E8C-4921-8546-6977F121A2B4}.Release|Any CPU.ActiveCfg = Release|Any CPU
		{469C8249-4E8C-4921-8546-6977F121A2B4}.Release|Any CPU.Build.0 = Release|Any CPU
	EndGlobalSection
	GlobalSection(SolutionProperties) = preSolution
		HideSolutionNode = FALSE
	EndGlobalSection
	GlobalSection(ExtensibilityGlobals) = postSolution
		SolutionGuid = {D567D29A-A737-41A6-9287-753A5BF85A1F}
	EndGlobalSection
EndGlobal
