
Microsoft Visual Studio Solution File, Format Version 12.00
# Visual Studio Version 17
VisualStudioVersion = 17.9.34701.34
MinimumVisualStudioVersion = 10.0.40219.1
Project("{FAE04EC0-301F-11D3-BF4B-00C04F79EFBC}") = "Lab1_22521691", "Lab1_22521691\Lab1_22521691.csproj", "{071051A9-29E6-4B3C-A1B7-ADB74EE712A7}"
EndProject
Global
	GlobalSection(SolutionConfigurationPlatforms) = preSolution
		Debug|Any CPU = Debug|Any CPU
		Release|Any CPU = Release|Any CPU
	EndGlobalSection
	GlobalSection(ProjectConfigurationPlatforms) = postSolution
		{071051A9-29E6-4B3C-A1B7-ADB74EE712A7}.Debug|Any CPU.ActiveCfg = Debug|Any CPU
		{071051A9-29E6-4B3C-A1B7-ADB74EE712A7}.Debug|Any CPU.Build.0 = Debug|Any CPU
		{071051A9-29E6-4B3C-A1B7-ADB74EE712A7}.Release|Any CPU.ActiveCfg = Release|Any CPU
		{071051A9-29E6-4B3C-A1B7-ADB74EE712A7}.Release|Any CPU.Build.0 = Release|Any CPU
	EndGlobalSection
	GlobalSection(SolutionProperties) = preSolution
		HideSolutionNode = FALSE
	EndGlobalSection
	GlobalSection(ExtensibilityGlobals) = postSolution
		SolutionGuid = {0E9EB8E3-BC82-41B2-970B-2422EB10CFDE}
	EndGlobalSection
EndGlobal
